# THIS IS AN AUTOGENERATED FILE. DO NOT EDIT THIS FILE DIRECTLY.
# yarn lockfile v1


"@fancyapps/ui@^4.0.31":
  "integrity" "sha512-D7+PMIloxSOFJyY+lXcNlVDhmssOmDT6PT5fqQUIiws2hT7PH29r0EKZxERmACSQpm6qrFkP7rSguzXWvRJduQ=="
  "resolved" "https://registry.npmjs.org/@fancyapps/ui/-/ui-4.0.31.tgz"
  "version" "4.0.31"
